// !$*UTF8*$!
{
	archiveVersion = 1;
	classes = {
	};
	objectVersion = 51;
	objects = {

/* Begin PBXBuildFile section */
		1C7C2A46EF39E04E0505AC71 /* Pods_MoviesListTests.framework in Frameworks */ = {isa = PBXBuildFile; fileRef = DE923B286FADBDB864528D1C /* Pods_MoviesListTests.framework */; };
		8ED598E3256F4C49005AA255 /* MovieListTableViewController.swift in Sources */ = {isa = PBXBuildFile; fileRef = 8ED598E2256F4C49005AA255 /* MovieListTableViewController.swift */; };
		8ED598F2256F4CD6005AA255 /* MovieDetailsViewController.swift in Sources */ = {isa = PBXBuildFile; fileRef = 8ED598F1256F4CD6005AA255 /* MovieDetailsViewController.swift */; };
		8ED59908256FD394005AA255 /* Genre.swift in Sources */ = {isa = PBXBuildFile; fileRef = 8ED59907256FD394005AA255 /* Genre.swift */; };
		8ED59916256FDDAA005AA255 /* Movie.swift in Sources */ = {isa = PBXBuildFile; fileRef = 8ED59915256FDDAA005AA255 /* Movie.swift */; };
		8ED5991B256FE240005AA255 /* MovieTableViewCell.swift in Sources */ = {isa = PBXBuildFile; fileRef = 8ED5991A256FE240005AA255 /* MovieTableViewCell.swift */; };
		8ED59920256FEB9A005AA255 /* MovieDetails.swift in Sources */ = {isa = PBXBuildFile; fileRef = 8ED5991F256FEB9A005AA255 /* MovieDetails.swift */; };
		8EFC08C2256E549F00379DED /* AppDelegate.swift in Sources */ = {isa = PBXBuildFile; fileRef = 8EFC08C1256E549F00379DED /* AppDelegate.swift */; };
		8EFC08C4256E549F00379DED /* SceneDelegate.swift in Sources */ = {isa = PBXBuildFile; fileRef = 8EFC08C3256E549F00379DED /* SceneDelegate.swift */; };
		8EFC08C6256E549F00379DED /* ViewController.swift in Sources */ = {isa = PBXBuildFile; fileRef = 8EFC08C5256E549F00379DED /* ViewController.swift */; };
		8EFC08C9256E549F00379DED /* Main.storyboard in Resources */ = {isa = PBXBuildFile; fileRef = 8EFC08C7256E549F00379DED /* Main.storyboard */; };
		8EFC08CB256E54A100379DED /* Assets.xcassets in Resources */ = {isa = PBXBuildFile; fileRef = 8EFC08CA256E54A100379DED /* Assets.xcassets */; };
		8EFC08CE256E54A100379DED /* LaunchScreen.storyboard in Resources */ = {isa = PBXBuildFile; fileRef = 8EFC08CC256E54A100379DED /* LaunchScreen.storyboard */; };
		8EFC08D9256E54A100379DED /* MoviesListTests.swift in Sources */ = {isa = PBXBuildFile; fileRef = 8EFC08D8256E54A100379DED /* MoviesListTests.swift */; };
		8EFC08E4256E54A100379DED /* MoviesListUITests.swift in Sources */ = {isa = PBXBuildFile; fileRef = 8EFC08E3256E54A100379DED /* MoviesListUITests.swift */; };
		8EFC0906256E5DE500379DED /* GenreListViewController.swift in Sources */ = {isa = PBXBuildFile; fileRef = 8EFC0905256E5DE500379DED /* GenreListViewController.swift */; };
		BFDCD3AE1370A8DA2CB5AAB1 /* Pods_MoviesList_MoviesListUITests.framework in Frameworks */ = {isa = PBXBuildFile; fileRef = 8E213B7654837F11AD0A6785 /* Pods_MoviesList_MoviesListUITests.framework */; };
		EA122DBEB61C145B9651BA24 /* Pods_MoviesList.framework in Frameworks */ = {isa = PBXBuildFile; fileRef = 4F21C80F2BBB3EDB6CEC873D /* Pods_MoviesList.framework */; };
/* End PBXBuildFile section */

/* Begin PBXContainerItemProxy section */
		8EFC08D5256E54A100379DED /* PBXContainerItemProxy */ = {
			isa = PBXContainerItemProxy;
			containerPortal = 8EFC08B6256E549F00379DED /* Project object */;
			proxyType = 1;
			remoteGlobalIDString = 8EFC08BD256E549F00379DED;
			remoteInfo = MoviesList;
		};
		8EFC08E0256E54A100379DED /* PBXContainerItemProxy */ = {
			isa = PBXContainerItemProxy;
			containerPortal = 8EFC08B6256E549F00379DED /* Project object */;
			proxyType = 1;
			remoteGlobalIDString = 8EFC08BD256E549F00379DED;
			remoteInfo = MoviesList;
		};
/* End PBXContainerItemProxy section */

/* Begin PBXFileReference section */
		10390588D0E86D97E15E5CB6 /* Pods-MoviesList.debug.xcconfig */ = {isa = PBXFileReference; includeInIndex = 1; lastKnownFileType = text.xcconfig; name = "Pods-MoviesList.debug.xcconfig"; path = "Target Support Files/Pods-MoviesList/Pods-MoviesList.debug.xcconfig"; sourceTree = "<group>"; };
		18CA97F7661DAFB6A9C643DA /* Pods-MoviesList.release.xcconfig */ = {isa = PBXFileReference; includeInIndex = 1; lastKnownFileType = text.xcconfig; name = "Pods-MoviesList.release.xcconfig"; path = "Target Support Files/Pods-MoviesList/Pods-MoviesList.release.xcconfig"; sourceTree = "<group>"; };
		4F21C80F2BBB3EDB6CEC873D /* Pods_MoviesList.framework */ = {isa = PBXFileReference; explicitFileType = wrapper.framework; includeInIndex = 0; path = Pods_MoviesList.framework; sourceTree = BUILT_PRODUCTS_DIR; };
		8E213B7654837F11AD0A6785 /* Pods_MoviesList_MoviesListUITests.framework */ = {isa = PBXFileReference; explicitFileType = wrapper.framework; includeInIndex = 0; path = Pods_MoviesList_MoviesListUITests.framework; sourceTree = BUILT_PRODUCTS_DIR; };
		8ED598E2256F4C49005AA255 /* MovieListTableViewController.swift */ = {isa = PBXFileReference; lastKnownFileType = sourcecode.swift; name = MovieListTableViewController.swift; path = MoviesList/Controller/MovieListTableViewController.swift; sourceTree = SOURCE_ROOT; };
		8ED598F1256F4CD6005AA255 /* MovieDetailsViewController.swift */ = {isa = PBXFileReference; lastKnownFileType = sourcecode.swift; path = MovieDetailsViewController.swift; sourceTree = "<group>"; };
		8ED59907256FD394005AA255 /* Genre.swift */ = {isa = PBXFileReference; lastKnownFileType = sourcecode.swift; path = Genre.swift; sourceTree = "<group>"; };
		8ED59915256FDDAA005AA255 /* Movie.swift */ = {isa = PBXFileReference; lastKnownFileType = sourcecode.swift; path = Movie.swift; sourceTree = "<group>"; };
		8ED5991A256FE240005AA255 /* MovieTableViewCell.swift */ = {isa = PBXFileReference; lastKnownFileType = sourcecode.swift; path = MovieTableViewCell.swift; sourceTree = "<group>"; };
		8ED5991F256FEB9A005AA255 /* MovieDetails.swift */ = {isa = PBXFileReference; lastKnownFileType = sourcecode.swift; path = MovieDetails.swift; sourceTree = "<group>"; };
		8EFC08BE256E549F00379DED /* MoviesList.app */ = {isa = PBXFileReference; explicitFileType = wrapper.application; includeInIndex = 0; path = MoviesList.app; sourceTree = BUILT_PRODUCTS_DIR; };
		8EFC08C1256E549F00379DED /* AppDelegate.swift */ = {isa = PBXFileReference; lastKnownFileType = sourcecode.swift; path = AppDelegate.swift; sourceTree = "<group>"; };
		8EFC08C3256E549F00379DED /* SceneDelegate.swift */ = {isa = PBXFileReference; lastKnownFileType = sourcecode.swift; path = SceneDelegate.swift; sourceTree = "<group>"; };
		8EFC08C5256E549F00379DED /* ViewController.swift */ = {isa = PBXFileReference; lastKnownFileType = sourcecode.swift; path = ViewController.swift; sourceTree = "<group>"; };
		8EFC08C8256E549F00379DED /* Base */ = {isa = PBXFileReference; lastKnownFileType = file.storyboard; name = Base; path = Base.lproj/Main.storyboard; sourceTree = "<group>"; };
		8EFC08CA256E54A100379DED /* Assets.xcassets */ = {isa = PBXFileReference; lastKnownFileType = folder.assetcatalog; path = Assets.xcassets; sourceTree = "<group>"; };
		8EFC08CD256E54A100379DED /* Base */ = {isa = PBXFileReference; lastKnownFileType = file.storyboard; name = Base; path = Base.lproj/LaunchScreen.storyboard; sourceTree = "<group>"; };
		8EFC08CF256E54A100379DED /* Info.plist */ = {isa = PBXFileReference; lastKnownFileType = text.plist.xml; path = Info.plist; sourceTree = "<group>"; };
		8EFC08D4256E54A100379DED /* MoviesListTests.xctest */ = {isa = PBXFileReference; explicitFileType = wrapper.cfbundle; includeInIndex = 0; path = MoviesListTests.xctest; sourceTree = BUILT_PRODUCTS_DIR; };
		8EFC08D8256E54A100379DED /* MoviesListTests.swift */ = {isa = PBXFileReference; lastKnownFileType = sourcecode.swift; path = MoviesListTests.swift; sourceTree = "<group>"; };
		8EFC08DA256E54A100379DED /* Info.plist */ = {isa = PBXFileReference; lastKnownFileType = text.plist.xml; path = Info.plist; sourceTree = "<group>"; };
		8EFC08DF256E54A100379DED /* MoviesListUITests.xctest */ = {isa = PBXFileReference; explicitFileType = wrapper.cfbundle; includeInIndex = 0; path = MoviesListUITests.xctest; sourceTree = BUILT_PRODUCTS_DIR; };
		8EFC08E3256E54A100379DED /* MoviesListUITests.swift */ = {isa = PBXFileReference; lastKnownFileType = sourcecode.swift; path = MoviesListUITests.swift; sourceTree = "<group>"; };
		8EFC08E5256E54A100379DED /* Info.plist */ = {isa = PBXFileReference; lastKnownFileType = text.plist.xml; path = Info.plist; sourceTree = "<group>"; };
		8EFC0905256E5DE500379DED /* GenreListViewController.swift */ = {isa = PBXFileReference; lastKnownFileType = sourcecode.swift; path = GenreListViewController.swift; sourceTree = "<group>"; };
		98D12F01C58A60220D63D5B6 /* Pods-MoviesList-MoviesListUITests.debug.xcconfig */ = {isa = PBXFileReference; includeInIndex = 1; lastKnownFileType = text.xcconfig; name = "Pods-MoviesList-MoviesListUITests.debug.xcconfig"; path = "Target Support Files/Pods-MoviesList-MoviesListUITests/Pods-MoviesList-MoviesListUITests.debug.xcconfig"; sourceTree = "<group>"; };
		9AA26A922F766C75989DF543 /* Pods-MoviesListTests.release.xcconfig */ = {isa = PBXFileReference; includeInIndex = 1; lastKnownFileType = text.xcconfig; name = "Pods-MoviesListTests.release.xcconfig"; path = "Target Support Files/Pods-MoviesListTests/Pods-MoviesListTests.release.xcconfig"; sourceTree = "<group>"; };
		DCA1BB8FA0D83C0BF6B61876 /* Pods-MoviesList-MoviesListUITests.release.xcconfig */ = {isa = PBXFileReference; includeInIndex = 1; lastKnownFileType = text.xcconfig; name = "Pods-MoviesList-MoviesListUITests.release.xcconfig"; path = "Target Support Files/Pods-MoviesList-MoviesListUITests/Pods-MoviesList-MoviesListUITests.release.xcconfig"; sourceTree = "<group>"; };
		DE923B286FADBDB864528D1C /* Pods_MoviesListTests.framework */ = {isa = PBXFileReference; explicitFileType = wrapper.framework; includeInIndex = 0; path = Pods_MoviesListTests.framework; sourceTree = BUILT_PRODUCTS_DIR; };
		F865107B91DD9D0462099F10 /* Pods-MoviesListTests.debug.xcconfig */ = {isa = PBXFileReference; includeInIndex = 1; lastKnownFileType = text.xcconfig; name = "Pods-MoviesListTests.debug.xcconfig"; path = "Target Support Files/Pods-MoviesListTests/Pods-MoviesListTests.debug.xcconfig"; sourceTree = "<group>"; };
/* End PBXFileReference section */

/* Begin PBXFrameworksBuildPhase section */
		8EFC08BB256E549F00379DED /* Frameworks */ = {
			isa = PBXFrameworksBuildPhase;
			buildActionMask = 2147483647;
			files = (
				EA122DBEB61C145B9651BA24 /* Pods_MoviesList.framework in Frameworks */,
			);
			runOnlyForDeploymentPostprocessing = 0;
		};
		8EFC08D1256E54A100379DED /* Frameworks */ = {
			isa = PBXFrameworksBuildPhase;
			buildActionMask = 2147483647;
			files = (
				1C7C2A46EF39E04E0505AC71 /* Pods_MoviesListTests.framework in Frameworks */,
			);
			runOnlyForDeploymentPostprocessing = 0;
		};
		8EFC08DC256E54A100379DED /* Frameworks */ = {
			isa = PBXFrameworksBuildPhase;
			buildActionMask = 2147483647;
			files = (
				BFDCD3AE1370A8DA2CB5AAB1 /* Pods_MoviesList_MoviesListUITests.framework in Frameworks */,
			);
			runOnlyForDeploymentPostprocessing = 0;
		};
/* End PBXFrameworksBuildPhase section */

/* Begin PBXGroup section */
		6F29B7B1E9B7057393BC405F /* Frameworks */ = {
			isa = PBXGroup;
			children = (
				4F21C80F2BBB3EDB6CEC873D /* Pods_MoviesList.framework */,
				8E213B7654837F11AD0A6785 /* Pods_MoviesList_MoviesListUITests.framework */,
				DE923B286FADBDB864528D1C /* Pods_MoviesListTests.framework */,
			);
			name = Frameworks;
			sourceTree = "<group>";
		};
		8EF774BA256E667C0053AC6D /* Model */ = {
			isa = PBXGroup;
			children = (
				8ED59907256FD394005AA255 /* Genre.swift */,
				8ED59915256FDDAA005AA255 /* Movie.swift */,
				8ED5991F256FEB9A005AA255 /* MovieDetails.swift */,
			);
			path = Model;
			sourceTree = "<group>";
		};
		8EFC08B5256E549F00379DED = {
			isa = PBXGroup;
			children = (
				8EFC08C0256E549F00379DED /* MoviesList */,
				8EFC08D7256E54A100379DED /* MoviesListTests */,
				8EFC08E2256E54A100379DED /* MoviesListUITests */,
				8EFC08BF256E549F00379DED /* Products */,
				FE231966DBD29C9D231693FA /* Pods */,
				6F29B7B1E9B7057393BC405F /* Frameworks */,
			);
			sourceTree = "<group>";
		};
		8EFC08BF256E549F00379DED /* Products */ = {
			isa = PBXGroup;
			children = (
				8EFC08BE256E549F00379DED /* MoviesList.app */,
				8EFC08D4256E54A100379DED /* MoviesListTests.xctest */,
				8EFC08DF256E54A100379DED /* MoviesListUITests.xctest */,
			);
			name = Products;
			sourceTree = "<group>";
		};
		8EFC08C0256E549F00379DED /* MoviesList */ = {
			isa = PBXGroup;
			children = (
				8EF774BA256E667C0053AC6D /* Model */,
				8EFC090A256E5DEB00379DED /* Controller */,
				8EFC08F4256E56EB00379DED /* View */,
				8EFC08C1256E549F00379DED /* AppDelegate.swift */,
				8EFC08C3256E549F00379DED /* SceneDelegate.swift */,
				8EFC08C5256E549F00379DED /* ViewController.swift */,
				8EFC08C7256E549F00379DED /* Main.storyboard */,
				8EFC08CA256E54A100379DED /* Assets.xcassets */,
				8EFC08CC256E54A100379DED /* LaunchScreen.storyboard */,
				8EFC08CF256E54A100379DED /* Info.plist */,
			);
			path = MoviesList;
			sourceTree = "<group>";
		};
		8EFC08D7256E54A100379DED /* MoviesListTests */ = {
			isa = PBXGroup;
			children = (
				8EFC08D8256E54A100379DED /* MoviesListTests.swift */,
				8EFC08DA256E54A100379DED /* Info.plist */,
			);
			path = MoviesListTests;
			sourceTree = "<group>";
		};
		8EFC08E2256E54A100379DED /* MoviesListUITests */ = {
			isa = PBXGroup;
			children = (
				8EFC08E3256E54A100379DED /* MoviesListUITests.swift */,
				8EFC08E5256E54A100379DED /* Info.plist */,
			);
			path = MoviesListUITests;
			sourceTree = "<group>";
		};
		8EFC08F4256E56EB00379DED /* View */ = {
			isa = PBXGroup;
			children = (
				8ED5991A256FE240005AA255 /* MovieTableViewCell.swift */,
			);
			path = View;
			sourceTree = "<group>";
		};
		8EFC090A256E5DEB00379DED /* Controller */ = {
			isa = PBXGroup;
			children = (
				8EFC0905256E5DE500379DED /* GenreListViewController.swift */,
				8ED598E2256F4C49005AA255 /* MovieListTableViewController.swift */,
				8ED598F1256F4CD6005AA255 /* MovieDetailsViewController.swift */,
			);
			path = Controller;
			sourceTree = "<group>";
		};
		FE231966DBD29C9D231693FA /* Pods */ = {
			isa = PBXGroup;
			children = (
				10390588D0E86D97E15E5CB6 /* Pods-MoviesList.debug.xcconfig */,
				18CA97F7661DAFB6A9C643DA /* Pods-MoviesList.release.xcconfig */,
				98D12F01C58A60220D63D5B6 /* Pods-MoviesList-MoviesListUITests.debug.xcconfig */,
				DCA1BB8FA0D83C0BF6B61876 /* Pods-MoviesList-MoviesListUITests.release.xcconfig */,
				F865107B91DD9D0462099F10 /* Pods-MoviesListTests.debug.xcconfig */,
				9AA26A922F766C75989DF543 /* Pods-MoviesListTests.release.xcconfig */,
			);
			path = Pods;
			sourceTree = "<group>";
		};
/* End PBXGroup section */

/* Begin PBXNativeTarget section */
		8EFC08BD256E549F00379DED /* MoviesList */ = {
			isa = PBXNativeTarget;
			buildConfigurationList = 8EFC08E8256E54A100379DED /* Build configuration list for PBXNativeTarget "MoviesList" */;
			buildPhases = (
				1FE405A675DFED98294BBB87 /* [CP] Check Pods Manifest.lock */,
				8EFC08BA256E549F00379DED /* Sources */,
				8EFC08BB256E549F00379DED /* Frameworks */,
				8EFC08BC256E549F00379DED /* Resources */,
				42413F81BCAFA905A9FF7BAB /* [CP] Embed Pods Frameworks */,
			);
			buildRules = (
			);
			dependencies = (
			);
			name = MoviesList;
			productName = MoviesList;
			productReference = 8EFC08BE256E549F00379DED /* MoviesList.app */;
			productType = "com.apple.product-type.application";
		};
		8EFC08D3256E54A100379DED /* MoviesListTests */ = {
			isa = PBXNativeTarget;
			buildConfigurationList = 8EFC08EB256E54A100379DED /* Build configuration list for PBXNativeTarget "MoviesListTests" */;
			buildPhases = (
				C6B3947A5C3CC4C93FC3D139 /* [CP] Check Pods Manifest.lock */,
				8EFC08D0256E54A100379DED /* Sources */,
				8EFC08D1256E54A100379DED /* Frameworks */,
				8EFC08D2256E54A100379DED /* Resources */,
			);
			buildRules = (
			);
			dependencies = (
				8EFC08D6256E54A100379DED /* PBXTargetDependency */,
			);
			name = MoviesListTests;
			productName = MoviesListTests;
			productReference = 8EFC08D4256E54A100379DED /* MoviesListTests.xctest */;
			productType = "com.apple.product-type.bundle.unit-test";
		};
		8EFC08DE256E54A100379DED /* MoviesListUITests */ = {
			isa = PBXNativeTarget;
			buildConfigurationList = 8EFC08EE256E54A100379DED /* Build configuration list for PBXNativeTarget "MoviesListUITests" */;
			buildPhases = (
				1EB1738295E8FDFAE89D24DD /* [CP] Check Pods Manifest.lock */,
				8EFC08DB256E54A100379DED /* Sources */,
				8EFC08DC256E54A100379DED /* Frameworks */,
				8EFC08DD256E54A100379DED /* Resources */,
				F232CBF2368BB15B2345E6EA /* [CP] Embed Pods Frameworks */,
			);
			buildRules = (
			);
			dependencies = (
				8EFC08E1256E54A100379DED /* PBXTargetDependency */,
			);
			name = MoviesListUITests;
			productName = MoviesListUITests;
			productReference = 8EFC08DF256E54A100379DED /* MoviesListUITests.xctest */;
			productType = "com.apple.product-type.bundle.ui-testing";
		};
/* End PBXNativeTarget section */

/* Begin PBXProject section */
		8EFC08B6256E549F00379DED /* Project object */ = {
			isa = PBXProject;
			attributes = {
				LastSwiftUpdateCheck = 1220;
				LastUpgradeCheck = 1220;
				TargetAttributes = {
					8EFC08BD256E549F00379DED = {
						CreatedOnToolsVersion = 12.2;
					};
					8EFC08D3256E54A100379DED = {
						CreatedOnToolsVersion = 12.2;
						TestTargetID = 8EFC08BD256E549F00379DED;
					};
					8EFC08DE256E54A100379DED = {
						CreatedOnToolsVersion = 12.2;
						TestTargetID = 8EFC08BD256E549F00379DED;
					};
				};
			};
			buildConfigurationList = 8EFC08B9256E549F00379DED /* Build configuration list for PBXProject "MoviesList" */;
			compatibilityVersion = "Xcode 9.3";
			developmentRegion = en;
			hasScannedForEncodings = 0;
			knownRegions = (
				en,
				Base,
			);
			mainGroup = 8EFC08B5256E549F00379DED;
			productRefGroup = 8EFC08BF256E549F00379DED /* Products */;
			projectDirPath = "";
			projectRoot = "";
			targets = (
				8EFC08BD256E549F00379DED /* MoviesList */,
				8EFC08D3256E54A100379DED /* MoviesListTests */,
				8EFC08DE256E54A100379DED /* MoviesListUITests */,
			);
		};
/* End PBXProject section */

/* Begin PBXResourcesBuildPhase section */
		8EFC08BC256E549F00379DED /* Resources */ = {
			isa = PBXResourcesBuildPhase;
			buildActionMask = 2147483647;
			files = (
				8EFC08CE256E54A100379DED /* LaunchScreen.storyboard in Resources */,
				8EFC08CB256E54A100379DED /* Assets.xcassets in Resources */,
				8EFC08C9256E549F00379DED /* Main.storyboard in Resources */,
			);
			runOnlyForDeploymentPostprocessing = 0;
		};
		8EFC08D2256E54A100379DED /* Resources */ = {
			isa = PBXResourcesBuildPhase;
			buildActionMask = 2147483647;
			files = (
			);
			runOnlyForDeploymentPostprocessing = 0;
		};
		8EFC08DD256E54A100379DED /* Resources */ = {
			isa = PBXResourcesBuildPhase;
			buildActionMask = 2147483647;
			files = (
			);
			runOnlyForDeploymentPostprocessing = 0;
		};
/* End PBXResourcesBuildPhase section */

/* Begin PBXShellScriptBuildPhase section */
		1EB1738295E8FDFAE89D24DD /* [CP] Check Pods Manifest.lock */ = {
			isa = PBXShellScriptBuildPhase;
			buildActionMask = 2147483647;
			files = (
			);
			inputFileListPaths = (
			);
			inputPaths = (
				"${PODS_PODFILE_DIR_PATH}/Podfile.lock",
				"${PODS_ROOT}/Manifest.lock",
			);
			name = "[CP] Check Pods Manifest.lock";
			outputFileListPaths = (
			);
			outputPaths = (
				"$(DERIVED_FILE_DIR)/Pods-MoviesList-MoviesListUITests-checkManifestLockResult.txt",
			);
			runOnlyForDeploymentPostprocessing = 0;
			shellPath = /bin/sh;
			shellScript = "diff \"${PODS_PODFILE_DIR_PATH}/Podfile.lock\" \"${PODS_ROOT}/Manifest.lock\" > /dev/null\nif [ $? != 0 ] ; then\n    # print error to STDERR\n    echo \"error: The sandbox is not in sync with the Podfile.lock. Run 'pod install' or update your CocoaPods installation.\" >&2\n    exit 1\nfi\n# This output is used by Xcode 'outputs' to avoid re-running this script phase.\necho \"SUCCESS\" > \"${SCRIPT_OUTPUT_FILE_0}\"\n";
			showEnvVarsInLog = 0;
		};
		1FE405A675DFED98294BBB87 /* [CP] Check Pods Manifest.lock */ = {
			isa = PBXShellScriptBuildPhase;
			buildActionMask = 2147483647;
			files = (
			);
			inputFileListPaths = (
			);
			inputPaths = (
				"${PODS_PODFILE_DIR_PATH}/Podfile.lock",
				"${PODS_ROOT}/Manifest.lock",
			);
			name = "[CP] Check Pods Manifest.lock";
			outputFileListPaths = (
			);
			outputPaths = (
				"$(DERIVED_FILE_DIR)/Pods-MoviesList-checkManifestLockResult.txt",
			);
			runOnlyForDeploymentPostprocessing = 0;
			shellPath = /bin/sh;
			shellScript = "diff \"${PODS_PODFILE_DIR_PATH}/Podfile.lock\" \"${PODS_ROOT}/Manifest.lock\" > /dev/null\nif [ $? != 0 ] ; then\n    # print error to STDERR\n    echo \"error: The sandbox is not in sync with the Podfile.lock. Run 'pod install' or update your CocoaPods installation.\" >&2\n    exit 1\nfi\n# This output is used by Xcode 'outputs' to avoid re-running this script phase.\necho \"SUCCESS\" > \"${SCRIPT_OUTPUT_FILE_0}\"\n";
			showEnvVarsInLog = 0;
		};
		42413F81BCAFA905A9FF7BAB /* [CP] Embed Pods Frameworks */ = {
			isa = PBXShellScriptBuildPhase;
			buildActionMask = 2147483647;
			files = (
			);
			inputFileListPaths = (
				"${PODS_ROOT}/Target Support Files/Pods-MoviesList/Pods-MoviesList-frameworks-${CONFIGURATION}-input-files.xcfilelist",
			);
			name = "[CP] Embed Pods Frameworks";
			outputFileListPaths = (
				"${PODS_ROOT}/Target Support Files/Pods-MoviesList/Pods-MoviesList-frameworks-${CONFIGURATION}-output-files.xcfilelist",
			);
			runOnlyForDeploymentPostprocessing = 0;
			shellPath = /bin/sh;
			shellScript = "\"${PODS_ROOT}/Target Support Files/Pods-MoviesList/Pods-MoviesList-frameworks.sh\"\n";
			showEnvVarsInLog = 0;
		};
		C6B3947A5C3CC4C93FC3D139 /* [CP] Check Pods Manifest.lock */ = {
			isa = PBXShellScriptBuildPhase;
			buildActionMask = 2147483647;
			files = (
			);
			inputFileListPaths = (
			);
			inputPaths = (
				"${PODS_PODFILE_DIR_PATH}/Podfile.lock",
				"${PODS_ROOT}/Manifest.lock",
			);
			name = "[CP] Check Pods Manifest.lock";
			outputFileListPaths = (
			);
			outputPaths = (
				"$(DERIVED_FILE_DIR)/Pods-MoviesListTests-checkManifestLockResult.txt",
			);
			runOnlyForDeploymentPostprocessing = 0;
			shellPath = /bin/sh;
			shellScript = "diff \"${PODS_PODFILE_DIR_PATH}/Podfile.lock\" \"${PODS_ROOT}/Manifest.lock\" > /dev/null\nif [ $? != 0 ] ; then\n    # print error to STDERR\n    echo \"error: The sandbox is not in sync with the Podfile.lock. Run 'pod install' or update your CocoaPods installation.\" >&2\n    exit 1\nfi\n# This output is used by Xcode 'outputs' to avoid re-running this script phase.\necho \"SUCCESS\" > \"${SCRIPT_OUTPUT_FILE_0}\"\n";
			showEnvVarsInLog = 0;
		};
		F232CBF2368BB15B2345E6EA /* [CP] Embed Pods Frameworks */ = {
			isa = PBXShellScriptBuildPhase;
			buildActionMask = 2147483647;
			files = (
			);
			inputFileListPaths = (
				"${PODS_ROOT}/Target Support Files/Pods-MoviesList-MoviesListUITests/Pods-MoviesList-MoviesListUITests-frameworks-${CONFIGURATION}-input-files.xcfilelist",
			);
			name = "[CP] Embed Pods Frameworks";
			outputFileListPaths = (
				"${PODS_ROOT}/Target Support Files/Pods-MoviesList-MoviesListUITests/Pods-MoviesList-MoviesListUITests-frameworks-${CONFIGURATION}-output-files.xcfilelist",
			);
			runOnlyForDeploymentPostprocessing = 0;
			shellPath = /bin/sh;
			shellScript = "\"${PODS_ROOT}/Target Support Files/Pods-MoviesList-MoviesListUITests/Pods-MoviesList-MoviesListUITests-frameworks.sh\"\n";
			showEnvVarsInLog = 0;
		};
/* End PBXShellScriptBuildPhase section */

/* Begin PBXSourcesBuildPhase section */
		8EFC08BA256E549F00379DED /* Sources */ = {
			isa = PBXSourcesBuildPhase;
			buildActionMask = 2147483647;
			files = (
				8ED598E3256F4C49005AA255 /* MovieListTableViewController.swift in Sources */,
				8EFC0906256E5DE500379DED /* GenreListViewController.swift in Sources */,
				8ED5991B256FE240005AA255 /* MovieTableViewCell.swift in Sources */,
				8ED59920256FEB9A005AA255 /* MovieDetails.swift in Sources */,
				8EFC08C6256E549F00379DED /* ViewController.swift in Sources */,
				8ED598F2256F4CD6005AA255 /* MovieDetailsViewController.swift in Sources */,
				8EFC08C2256E549F00379DED /* AppDelegate.swift in Sources */,
				8EFC08C4256E549F00379DED /* SceneDelegate.swift in Sources */,
				8ED59916256FDDAA005AA255 /* Movie.swift in Sources */,
				8ED59908256FD394005AA255 /* Genre.swift in Sources */,
			);
			runOnlyForDeploymentPostprocessing = 0;
		};
		8EFC08D0256E54A100379DED /* Sources */ = {
			isa = PBXSourcesBuildPhase;
			buildActionMask = 2147483647;
			files = (
				8EFC08D9256E54A100379DED /* MoviesListTests.swift in Sources */,
			);
			runOnlyForDeploymentPostprocessing = 0;
		};
		8EFC08DB256E54A100379DED /* Sources */ = {
			isa = PBXSourcesBuildPhase;
			buildActionMask = 2147483647;
			files = (
				8EFC08E4256E54A100379DED /* MoviesListUITests.swift in Sources */,
			);
			runOnlyForDeploymentPostprocessing = 0;
		};
/* End PBXSourcesBuildPhase section */

/* Begin PBXTargetDependency section */
		8EFC08D6256E54A100379DED /* PBXTargetDependency */ = {
			isa = PBXTargetDependency;
			target = 8EFC08BD256E549F00379DED /* MoviesList */;
			targetProxy = 8EFC08D5256E54A100379DED /* PBXContainerItemProxy */;
		};
		8EFC08E1256E54A100379DED /* PBXTargetDependency */ = {
			isa = PBXTargetDependency;
			target = 8EFC08BD256E549F00379DED /* MoviesList */;
			targetProxy = 8EFC08E0256E54A100379DED /* PBXContainerItemProxy */;
		};
/* End PBXTargetDependency section */

/* Begin PBXVariantGroup section */
		8EFC08C7256E549F00379DED /* Main.storyboard */ = {
			isa = PBXVariantGroup;
			children = (
				8EFC08C8256E549F00379DED /* Base */,
			);
			name = Main.storyboard;
			sourceTree = "<group>";
		};
		8EFC08CC256E54A100379DED /* LaunchScreen.storyboard */ = {
			isa = PBXVariantGroup;
			children = (
				8EFC08CD256E54A100379DED /* Base */,
			);
			name = LaunchScreen.storyboard;
			sourceTree = "<group>";
		};
/* End PBXVariantGroup section */

/* Begin XCBuildConfiguration section */
		8EFC08E6256E54A100379DED /* Debug */ = {
			isa = XCBuildConfiguration;
			buildSettings = {
				ALWAYS_SEARCH_USER_PATHS = NO;
				CLANG_ANALYZER_NONNULL = YES;
				CLANG_ANALYZER_NUMBER_OBJECT_CONVERSION = YES_AGGRESSIVE;
				CLANG_CXX_LANGUAGE_STANDARD = "gnu++14";
				CLANG_CXX_LIBRARY = "libc++";
				CLANG_ENABLE_MODULES = YES;
				CLANG_ENABLE_OBJC_ARC = YES;
				CLANG_ENABLE_OBJC_WEAK = YES;
				CLANG_WARN_BLOCK_CAPTURE_AUTORELEASING = YES;
				CLANG_WARN_BOOL_CONVERSION = YES;
				CLANG_WARN_COMMA = YES;
				CLANG_WARN_CONSTANT_CONVERSION = YES;
				CLANG_WARN_DEPRECATED_OBJC_IMPLEMENTATIONS = YES;
				CLANG_WARN_DIRECT_OBJC_ISA_USAGE = YES_ERROR;
				CLANG_WARN_DOCUMENTATION_COMMENTS = YES;
				CLANG_WARN_EMPTY_BODY = YES;
				CLANG_WARN_ENUM_CONVERSION = YES;
				CLANG_WARN_INFINITE_RECURSION = YES;
				CLANG_WARN_INT_CONVERSION = YES;
				CLANG_WARN_NON_LITERAL_NULL_CONVERSION = YES;
				CLANG_WARN_OBJC_IMPLICIT_RETAIN_SELF = YES;
				CLANG_WARN_OBJC_LITERAL_CONVERSION = YES;
				CLANG_WARN_OBJC_ROOT_CLASS = YES_ERROR;
				CLANG_WARN_QUOTED_INCLUDE_IN_FRAMEWORK_HEADER = YES;
				CLANG_WARN_RANGE_LOOP_ANALYSIS = YES;
				CLANG_WARN_STRICT_PROTOTYPES = YES;
				CLANG_WARN_SUSPICIOUS_MOVE = YES;
				CLANG_WARN_UNGUARDED_AVAILABILITY = YES_AGGRESSIVE;
				CLANG_WARN_UNREACHABLE_CODE = YES;
				CLANG_WARN__DUPLICATE_METHOD_MATCH = YES;
				COPY_PHASE_STRIP = NO;
				DEBUG_INFORMATION_FORMAT = dwarf;
				ENABLE_STRICT_OBJC_MSGSEND = YES;
				ENABLE_TESTABILITY = YES;
				GCC_C_LANGUAGE_STANDARD = gnu11;
				GCC_DYNAMIC_NO_PIC = NO;
				GCC_NO_COMMON_BLOCKS = YES;
				GCC_OPTIMIZATION_LEVEL = 0;
				GCC_PREPROCESSOR_DEFINITIONS = (
					"DEBUG=1",
					"$(inherited)",
				);
				GCC_WARN_64_TO_32_BIT_CONVERSION = YES;
				GCC_WARN_ABOUT_RETURN_TYPE = YES_ERROR;
				GCC_WARN_UNDECLARED_SELECTOR = YES;
				GCC_WARN_UNINITIALIZED_AUTOS = YES_AGGRESSIVE;
				GCC_WARN_UNUSED_FUNCTION = YES;
				GCC_WARN_UNUSED_VARIABLE = YES;
				IPHONEOS_DEPLOYMENT_TARGET = 11.0;
				MTL_ENABLE_DEBUG_INFO = INCLUDE_SOURCE;
				MTL_FAST_MATH = YES;
				ONLY_ACTIVE_ARCH = YES;
				SDKROOT = iphoneos;
				SWIFT_ACTIVE_COMPILATION_CONDITIONS = DEBUG;
				SWIFT_OPTIMIZATION_LEVEL = "-Onone";
			};
			name = Debug;
		};
		8EFC08E7256E54A100379DED /* Release */ = {
			isa = XCBuildConfiguration;
			buildSettings = {
				ALWAYS_SEARCH_USER_PATHS = NO;
				CLANG_ANALYZER_NONNULL = YES;
				CLANG_ANALYZER_NUMBER_OBJECT_CONVERSION = YES_AGGRESSIVE;
				CLANG_CXX_LANGUAGE_STANDARD = "gnu++14";
				CLANG_CXX_LIBRARY = "libc++";
				CLANG_ENABLE_MODULES = YES;
				CLANG_ENABLE_OBJC_ARC = YES;
				CLANG_ENABLE_OBJC_WEAK = YES;
				CLANG_WARN_BLOCK_CAPTURE_AUTORELEASING = YES;
				CLANG_WARN_BOOL_CONVERSION = YES;
				CLANG_WARN_COMMA = YES;
				CLANG_WARN_CONSTANT_CONVERSION = YES;
				CLANG_WARN_DEPRECATED_OBJC_IMPLEMENTATIONS = YES;
				CLANG_WARN_DIRECT_OBJC_ISA_USAGE = YES_ERROR;
				CLANG_WARN_DOCUMENTATION_COMMENTS = YES;
				CLANG_WARN_EMPTY_BODY = YES;
				CLANG_WARN_ENUM_CONVERSION = YES;
				CLANG_WARN_INFINITE_RECURSION = YES;
				CLANG_WARN_INT_CONVERSION = YES;
				CLANG_WARN_NON_LITERAL_NULL_CONVERSION = YES;
				CLANG_WARN_OBJC_IMPLICIT_RETAIN_SELF = YES;
				CLANG_WARN_OBJC_LITERAL_CONVERSION = YES;
				CLANG_WARN_OBJC_ROOT_CLASS = YES_ERROR;
				CLANG_WARN_QUOTED_INCLUDE_IN_FRAMEWORK_HEADER = YES;
				CLANG_WARN_RANGE_LOOP_ANALYSIS = YES;
				CLANG_WARN_STRICT_PROTOTYPES = YES;
				CLANG_WARN_SUSPICIOUS_MOVE = YES;
				CLANG_WARN_UNGUARDED_AVAILABILITY = YES_AGGRESSIVE;
				CLANG_WARN_UNREACHABLE_CODE = YES;
				CLANG_WARN__DUPLICATE_METHOD_MATCH = YES;
				COPY_PHASE_STRIP = NO;
				DEBUG_INFORMATION_FORMAT = "dwarf-with-dsym";
				ENABLE_NS_ASSERTIONS = NO;
				ENABLE_STRICT_OBJC_MSGSEND = YES;
				GCC_C_LANGUAGE_STANDARD = gnu11;
				GCC_NO_COMMON_BLOCKS = YES;
				GCC_WARN_64_TO_32_BIT_CONVERSION = YES;
				GCC_WARN_ABOUT_RETURN_TYPE = YES_ERROR;
				GCC_WARN_UNDECLARED_SELECTOR = YES;
				GCC_WARN_UNINITIALIZED_AUTOS = YES_AGGRESSIVE;
				GCC_WARN_UNUSED_FUNCTION = YES;
				GCC_WARN_UNUSED_VARIABLE = YES;
				IPHONEOS_DEPLOYMENT_TARGET = 11.0;
				MTL_ENABLE_DEBUG_INFO = NO;
				MTL_FAST_MATH = YES;
				SDKROOT = iphoneos;
				SWIFT_COMPILATION_MODE = wholemodule;
				SWIFT_OPTIMIZATION_LEVEL = "-O";
				VALIDATE_PRODUCT = YES;
			};
			name = Release;
		};
		8EFC08E9256E54A100379DED /* Debug */ = {
			isa = XCBuildConfiguration;
			baseConfigurationReference = 10390588D0E86D97E15E5CB6 /* Pods-MoviesList.debug.xcconfig */;
			buildSettings = {
				ASSETCATALOG_COMPILER_APPICON_NAME = AppIcon;
				ASSETCATALOG_COMPILER_GLOBAL_ACCENT_COLOR_NAME = AccentColor;
				CODE_SIGN_STYLE = Automatic;
				DEVELOPMENT_TEAM = VWNSCZZWKF;
				INFOPLIST_FILE = MoviesList/Info.plist;
				IPHONEOS_DEPLOYMENT_TARGET = 11.0;
				LD_RUNPATH_SEARCH_PATHS = (
					"$(inherited)",
					"@executable_path/Frameworks",
				);
				PRODUCT_BUNDLE_IDENTIFIER = nabaash.MoviesList;
				PRODUCT_NAME = "$(TARGET_NAME)";
				SWIFT_VERSION = 5.0;
				TARGETED_DEVICE_FAMILY = "1,2";
			};
			name = Debug;
		};
		8EFC08EA256E54A100379DED /* Release */ = {
			isa = XCBuildConfiguration;
			baseConfigurationReference = 18CA97F7661DAFB6A9C643DA /* Pods-MoviesList.release.xcconfig */;
			buildSettings = {
				ASSETCATALOG_COMPILER_APPICON_NAME = AppIcon;
				ASSETCATALOG_COMPILER_GLOBAL_ACCENT_COLOR_NAME = AccentColor;
				CODE_SIGN_STYLE = Automatic;
				DEVELOPMENT_TEAM = VWNSCZZWKF;
				INFOPLIST_FILE = MoviesList/Info.plist;
				IPHONEOS_DEPLOYMENT_TARGET = 11.0;
				LD_RUNPATH_SEARCH_PATHS = (
					"$(inherited)",
					"@executable_path/Frameworks",
				);
				PRODUCT_BUNDLE_IDENTIFIER = nabaash.MoviesList;
				PRODUCT_NAME = "$(TARGET_NAME)";
				SWIFT_VERSION = 5.0;
				TARGETED_DEVICE_FAMILY = "1,2";
			};
			name = Release;
		};
		8EFC08EC256E54A100379DED /* Debug */ = {
			isa = XCBuildConfiguration;
			baseConfigurationReference = F865107B91DD9D0462099F10 /* Pods-MoviesListTests.debug.xcconfig */;
			buildSettings = {
				ALWAYS_EMBED_SWIFT_STANDARD_LIBRARIES = YES;
				BUNDLE_LOADER = "$(TEST_HOST)";
				CODE_SIGN_STYLE = Automatic;
				DEVELOPMENT_TEAM = VWNSCZZWKF;
				INFOPLIST_FILE = MoviesListTests/Info.plist;
				IPHONEOS_DEPLOYMENT_TARGET = 14.2;
				LD_RUNPATH_SEARCH_PATHS = (
					"$(inherited)",
					"@executable_path/Frameworks",
					"@loader_path/Frameworks",
				);
				PRODUCT_BUNDLE_IDENTIFIER = nabaash.MoviesListTests;
				PRODUCT_NAME = "$(TARGET_NAME)";
				SWIFT_VERSION = 5.0;
				TARGETED_DEVICE_FAMILY = "1,2";
				TEST_HOST = "$(BUILT_PRODUCTS_DIR)/MoviesList.app/MoviesList";
			};
			name = Debug;
		};
		8EFC08ED256E54A100379DED /* Release */ = {
			isa = XCBuildConfiguration;
			baseConfigurationReference = 9AA26A922F766C75989DF543 /* Pods-MoviesListTests.release.xcconfig */;
			buildSettings = {
				ALWAYS_EMBED_SWIFT_STANDARD_LIBRARIES = YES;
				BUNDLE_LOADER = "$(TEST_HOST)";
				CODE_SIGN_STYLE = Automatic;
				DEVELOPMENT_TEAM = VWNSCZZWKF;
				INFOPLIST_FILE = MoviesListTests/Info.plist;
				IPHONEOS_DEPLOYMENT_TARGET = 14.2;
				LD_RUNPATH_SEARCH_PATHS = (
					"$(inherited)",
					"@executable_path/Frameworks",
					"@loader_path/Frameworks",
				);
				PRODUCT_BUNDLE_IDENTIFIER = nabaash.MoviesListTests;
				PRODUCT_NAME = "$(TARGET_NAME)";
				SWIFT_VERSION = 5.0;
				TARGETED_DEVICE_FAMILY = "1,2";
				TEST_HOST = "$(BUILT_PRODUCTS_DIR)/MoviesList.app/MoviesList";
			};
			name = Release;
		};
		8EFC08EF256E54A100379DED /* Debug */ = {
			isa = XCBuildConfiguration;
			baseConfigurationReference = 98D12F01C58A60220D63D5B6 /* Pods-MoviesList-MoviesListUITests.debug.xcconfig */;
			buildSettings = {
				ALWAYS_EMBED_SWIFT_STANDARD_LIBRARIES = YES;
				CODE_SIGN_STYLE = Automatic;
				DEVELOPMENT_TEAM = VWNSCZZWKF;
				INFOPLIST_FILE = MoviesListUITests/Info.plist;
				LD_RUNPATH_SEARCH_PATHS = (
					"$(inherited)",
					"@executable_path/Frameworks",
					"@loader_path/Frameworks",
				);
				PRODUCT_BUNDLE_IDENTIFIER = nabaash.MoviesListUITests;
				PRODUCT_NAME = "$(TARGET_NAME)";
				SWIFT_VERSION = 5.0;
				TARGETED_DEVICE_FAMILY = "1,2";
				TEST_TARGET_NAME = MoviesList;
			};
			name = Debug;
		};
		8EFC08F0256E54A100379DED /* Release */ = {
			isa = XCBuildConfiguration;
			baseConfigurationReference = DCA1BB8FA0D83C0BF6B61876 /* Pods-MoviesList-MoviesListUITests.release.xcconfig */;
			buildSettings = {
				ALWAYS_EMBED_SWIFT_STANDARD_LIBRARIES = YES;
				CODE_SIGN_STYLE = Automatic;
				DEVELOPMENT_TEAM = VWNSCZZWKF;
				INFOPLIST_FILE = MoviesListUITests/Info.plist;
				LD_RUNPATH_SEARCH_PATHS = (
					"$(inherited)",
					"@executable_path/Frameworks",
					"@loader_path/Frameworks",
				);
				PRODUCT_BUNDLE_IDENTIFIER = nabaash.MoviesListUITests;
				PRODUCT_NAME = "$(TARGET_NAME)";
				SWIFT_VERSION = 5.0;
				TARGETED_DEVICE_FAMILY = "1,2";
				TEST_TARGET_NAME = MoviesList;
			};
			name = Release;
		};
/* End XCBuildConfiguration section */

/* Begin XCConfigurationList section */
		8EFC08B9256E549F00379DED /* Build configuration list for PBXProject "MoviesList" */ = {
			isa = XCConfigurationList;
			buildConfigurations = (
				8EFC08E6256E54A100379DED /* Debug */,
				8EFC08E7256E54A100379DED /* Release */,
			);
			defaultConfigurationIsVisible = 0;
			defaultConfigurationName = Release;
		};
		8EFC08E8256E54A100379DED /* Build configuration list for PBXNativeTarget "MoviesList" */ = {
			isa = XCConfigurationList;
			buildConfigurations = (
				8EFC08E9256E54A100379DED /* Debug */,
				8EFC08EA256E54A100379DED /* Release */,
			);
			defaultConfigurationIsVisible = 0;
			defaultConfigurationName = Release;
		};
		8EFC08EB256E54A100379DED /* Build configuration list for PBXNativeTarget "MoviesListTests" */ = {
			isa = XCConfigurationList;
			buildConfigurations = (
				8EFC08EC256E54A100379DED /* Debug */,
				8EFC08ED256E54A100379DED /* Release */,
			);
			defaultConfigurationIsVisible = 0;
			defaultConfigurationName = Release;
		};
		8EFC08EE256E54A100379DED /* Build configuration list for PBXNativeTarget "MoviesListUITests" */ = {
			isa = XCConfigurationList;
			buildConfigurations = (
				8EFC08EF256E54A100379DED /* Debug */,
				8EFC08F0256E54A100379DED /* Release */,
			);
			defaultConfigurationIsVisible = 0;
			defaultConfigurationName = Release;
		};
/* End XCConfigurationList section */
	};
	rootObject = 8EFC08B6256E549F00379DED /* Project object */;
}
